
Microsoft Visual Studio Solution File, Format Version 12.00
# Visual Studio 15
VisualStudioVersion = 15.0.26730.16
MinimumVisualStudioVersion = 10.0.40219.1
Project("{FAE04EC0-301F-11D3-BF4B-00C04F79EFBC}") = "Vidly", "Vidly\Vidly.csproj", "{A413FB6A-A4D7-4A6D-A0DC-9F6623303BE6}"
EndProject
Global
	GlobalSection(SolutionConfigurationPlatforms) = preSolution
		Debug|Any CPU = Debug|Any CPU
		Release|Any CPU = Release|Any CPU
	EndGlobalSection
	GlobalSection(ProjectConfigurationPlatforms) = postSolution
		{A413FB6A-A4D7-4A6D-A0DC-9F6623303BE6}.Debug|Any CPU.ActiveCfg = Debug|Any CPU
		{A413FB6A-A4D7-4A6D-A0DC-9F6623303BE6}.Debug|Any CPU.Build.0 = Debug|Any CPU
		{A413FB6A-A4D7-4A6D-A0DC-9F6623303BE6}.Release|Any CPU.ActiveCfg = Release|Any CPU
		{A413FB6A-A4D7-4A6D-A0DC-9F6623303BE6}.Release|Any CPU.Build.0 = Release|Any CPU
	EndGlobalSection
	GlobalSection(SolutionProperties) = preSolution
		HideSolutionNode = FALSE
	EndGlobalSection
	GlobalSection(ExtensibilityGlobals) = postSolution
		SolutionGuid = {2245C4D6-1D84-4ACB-BC6E-B2AC68B8BB64}
	EndGlobalSection
EndGlobal
