
Microsoft Visual Studio Solution File, Format Version 12.00
# Visual Studio 15
VisualStudioVersion = 15.0.26730.16
MinimumVisualStudioVersion = 10.0.40219.1
Project("{FAE04EC0-301F-11D3-BF4B-00C04F79EFBC}") = "Vidly", "Vidly\Vidly.csproj", "{15489A77-B77A-413A-8479-634333F278AE}"
EndProject
Global
	GlobalSection(SolutionConfigurationPlatforms) = preSolution
		Debug|Any CPU = Debug|Any CPU
		Release|Any CPU = Release|Any CPU
	EndGlobalSection
	GlobalSection(ProjectConfigurationPlatforms) = postSolution
		{15489A77-B77A-413A-8479-634333F278AE}.Debug|Any CPU.ActiveCfg = Debug|Any CPU
		{15489A77-B77A-413A-8479-634333F278AE}.Debug|Any CPU.Build.0 = Debug|Any CPU
		{15489A77-B77A-413A-8479-634333F278AE}.Release|Any CPU.ActiveCfg = Release|Any CPU
		{15489A77-B77A-413A-8479-634333F278AE}.Release|Any CPU.Build.0 = Release|Any CPU
	EndGlobalSection
	GlobalSection(SolutionProperties) = preSolution
		HideSolutionNode = FALSE
	EndGlobalSection
	GlobalSection(ExtensibilityGlobals) = postSolution
		SolutionGuid = {53AC32FC-CC92-484F-980E-54D6EAA6F9E8}
	EndGlobalSection
EndGlobal
